{
  "name": "one-todo-list",
  "version": "3.0.1",
  "lockfileVersion": 1,
  "requires": true,
  "dependencies": {
    "@alexmtur/one-class": {
      "version": "3.2.5",
      "resolved": "https://registry.npmjs.org/@alexmtur/one-class/-/one-class-3.2.5.tgz",
      "integrity": "sha512-oNCWDLSM4dnbrmL4DOUegXikrUx2/wB5qNkRQswx6OJaFY7gTysimmpyXzwfCTbWRnVmiPgal47HDYd+WD1toQ==",
      "requires": {
        "@alexmtur/one-style": "3.0.2",
        "@polymer/lit-element": "0.6.1",
        "@polymer/polymer": "3.0.5",
        "web-animations-js": "2.3.1"
      }
    },
    "@alexmtur/one-icon": {
      "version": "3.1.0",
      "resolved": "https://registry.npmjs.org/@alexmtur/one-icon/-/one-icon-3.1.0.tgz",
      "integrity": "sha512-XP+G/TTgkgWipmc6GLC834Kqj1MK/Cx+DhdH47z9fSUfP9G9Dj4waQJBEGSEsC0dotO0f7X8zmedEJWQuXKehQ==",
      "requires": {
        "@alexmtur/one-class": "3.2.5",
        "lit-html": "0.9.0"
      }
    },
    "@alexmtur/one-style": {
      "version": "3.0.2",
      "resolved": "https://registry.npmjs.org/@alexmtur/one-style/-/one-style-3.0.2.tgz",
      "integrity": "sha512-HOviDRzBSbPvLGbJ1Vcc+lnLdV3MbkSNC6M+ZppAUTq93bn4q5Z5QsICK7c3N5fpR5cpQ9bVl7+WI38YYAAK7g=="
    },
    "@polymer/lit-element": {
      "version": "0.6.1",
      "resolved": "https://registry.npmjs.org/@polymer/lit-element/-/lit-element-0.6.1.tgz",
      "integrity": "sha512-eselNs2lA4n1R1rSyPXW8XR3ISmbYVQcDtIMSINHVNZ56pCtCHOtgmaG8C4k0gONwikEMJTP9blNHD/gdYIxFA==",
      "requires": {
        "lit-html": "0.11.4"
      },
      "dependencies": {
        "lit-html": {
          "version": "0.11.4",
          "resolved": "https://registry.npmjs.org/lit-html/-/lit-html-0.11.4.tgz",
          "integrity": "sha512-yfJUxQrRjhYo4cdz3Db9YlkHs9v+rTZA4fvE/dqCOrA1Q2Bmx52X2OtEgGQ+JhyCb6ddDTndLijZjsSoQ44G7Q=="
        }
      }
    },
    "@polymer/polymer": {
      "version": "3.0.5",
      "resolved": "https://registry.npmjs.org/@polymer/polymer/-/polymer-3.0.5.tgz",
      "integrity": "sha512-Zbmhtr5vZ3NoHWwFYLKI4ff7yfE6DZopI8vaS7HvmUIuNqsv/EpEDXfNEYjqePQmkMX5LU9OIKV1eX/+9aveow==",
      "requires": {
        "@webcomponents/shadycss": "1.5.2"
      }
    },
    "@webcomponents/shadycss": {
      "version": "1.5.2",
      "resolved": "https://registry.npmjs.org/@webcomponents/shadycss/-/shadycss-1.5.2.tgz",
      "integrity": "sha512-0OyrmVc7S+INtzoqP2ofAo+OdVn2Nj0Qvq4wD9FEGN7nMmLRxaD2mzy6hD6EslzxUSuGH302CDU4KXiY66SEqg=="
    },
    "lit-html": {
      "version": "0.9.0",
      "resolved": "https://registry.npmjs.org/lit-html/-/lit-html-0.9.0.tgz",
      "integrity": "sha512-j0W8WNcf/VRsC+vxeZwgh4KfztQ2gqLF5a80G85qdffnKQ0yTC2IQpU3FRmFjRdRTezvszb1rGMm7jScMc2Mog=="
    },
    "web-animations-js": {
      "version": "2.3.1",
      "resolved": "https://registry.npmjs.org/web-animations-js/-/web-animations-js-2.3.1.tgz",
      "integrity": "sha1-Om2bwVGWN3qQ+OKAP6UmIWWwRRA="
    }
  }
}
